{
    "name": "localhost-cert",
    "version": "1.0.11",
    "lockfileVersion": 1,
    "requires": true,
    "dependencies": {
        "@octokit/auth-token": {
            "version": "4.0.0",
            "resolved": "https://registry.npmmirror.com/@octokit/auth-token/-/auth-token-4.0.0.tgz",
            "integrity": "sha512-tY/msAuJo6ARbK6SPIxZrPBms3xPbfwBrulZe0Wtr/DIY9lje2HeV1uoebShn6mx7SjCHif6EjMvoREj+gZ+SA==",
            "dev": true
        },
        "@octokit/core": {
            "version": "5.0.2",
            "resolved": "https://registry.npmmirror.com/@octokit/core/-/core-5.0.2.tgz",
            "integrity": "sha512-cZUy1gUvd4vttMic7C0lwPed8IYXWYp8kHIMatyhY8t8n3Cpw2ILczkV5pGMPqef7v0bLo0pOHrEHarsau2Ydg==",
            "dev": true,
            "requires": {
                "@octokit/auth-token": "^4.0.0",
                "@octokit/graphql": "^7.0.0",
                "@octokit/request": "^8.0.2",
                "@octokit/request-error": "^5.0.0",
                "@octokit/types": "^12.0.0",
                "before-after-hook": "^2.2.0",
                "universal-user-agent": "^6.0.0"
            }
        },
        "@octokit/endpoint": {
            "version": "9.0.3",
            "resolved": "https://registry.npmjs.org/@octokit/endpoint/-/endpoint-9.0.3.tgz",
            "integrity": "sha512-TXVX57fJV7SA6LvRkeXPIOBr8AKvKDlhwNVBP/26O9DjIFi+CkYZGFLP9WtPdVOicRIhqGHxBCC6Fdj5AWWGgQ==",
            "dev": true,
            "requires": {
                "@octokit/types": "^12.0.0",
                "universal-user-agent": "^6.0.0"
            }
        },
        "@octokit/graphql": {
            "version": "7.0.2",
            "resolved": "https://registry.npmmirror.com/@octokit/graphql/-/graphql-7.0.2.tgz",
            "integrity": "sha512-OJ2iGMtj5Tg3s6RaXH22cJcxXRi7Y3EBqbHTBRq+PQAqfaS8f/236fUrWhfSn8P4jovyzqucxme7/vWSSZBX2Q==",
            "dev": true,
            "requires": {
                "@octokit/request": "^8.0.1",
                "@octokit/types": "^12.0.0",
                "universal-user-agent": "^6.0.0"
            }
        },
        "@octokit/openapi-types": {
            "version": "19.0.2",
            "resolved": "https://registry.npmjs.org/@octokit/openapi-types/-/openapi-types-19.0.2.tgz",
            "integrity": "sha512-8li32fUDUeml/ACRp/njCWTsk5t17cfTM1jp9n08pBrqs5cDFJubtjsSnuz56r5Tad6jdEPJld7LxNp9dNcyjQ==",
            "dev": true
        },
        "@octokit/plugin-paginate-rest": {
            "version": "9.1.4",
            "resolved": "https://registry.npmmirror.com/@octokit/plugin-paginate-rest/-/plugin-paginate-rest-9.1.4.tgz",
            "integrity": "sha512-MvZx4WvfhBnt7PtH5XE7HORsO7bBk4er1FgRIUr1qJ89NR2I6bWjGyKsxk8z42FPQ34hFQm0Baanh4gzdZR4gQ==",
            "dev": true,
            "requires": {
                "@octokit/types": "^12.3.0"
            }
        },
        "@octokit/plugin-request-log": {
            "version": "4.0.0",
            "resolved": "https://registry.npmmirror.com/@octokit/plugin-request-log/-/plugin-request-log-4.0.0.tgz",
            "integrity": "sha512-2uJI1COtYCq8Z4yNSnM231TgH50bRkheQ9+aH8TnZanB6QilOnx8RMD2qsnamSOXtDj0ilxvevf5fGsBhBBzKA==",
            "dev": true
        },
        "@octokit/plugin-rest-endpoint-methods": {
            "version": "10.1.5",
            "resolved": "https://registry.npmjs.org/@octokit/plugin-rest-endpoint-methods/-/plugin-rest-endpoint-methods-10.1.5.tgz",
            "integrity": "sha512-LMEdsMV8TTMjMTqVoqMzV95XTbv0ZsWxCxQtjAunQOCdwoDH4BVF/Ke5JMSZEVCWGI2kzxnUNbFnK/MxwV7NjA==",
            "dev": true,
            "requires": {
                "@octokit/types": "^12.3.0"
            }
        },
        "@octokit/request": {
            "version": "8.1.6",
            "resolved": "https://registry.npmmirror.com/@octokit/request/-/request-8.1.6.tgz",
            "integrity": "sha512-YhPaGml3ncZC1NfXpP3WZ7iliL1ap6tLkAp6MvbK2fTTPytzVUyUesBBogcdMm86uRYO5rHaM1xIWxigWZ17MQ==",
            "dev": true,
            "requires": {
                "@octokit/endpoint": "^9.0.0",
                "@octokit/request-error": "^5.0.0",
                "@octokit/types": "^12.0.0",
                "universal-user-agent": "^6.0.0"
            }
        },
        "@octokit/request-error": {
            "version": "5.0.1",
            "resolved": "https://registry.npmmirror.com/@octokit/request-error/-/request-error-5.0.1.tgz",
            "integrity": "sha512-X7pnyTMV7MgtGmiXBwmO6M5kIPrntOXdyKZLigNfQWSEQzVxR4a4vo49vJjTWX70mPndj8KhfT4Dx+2Ng3vnBQ==",
            "dev": true,
            "requires": {
                "@octokit/types": "^12.0.0",
                "deprecation": "^2.0.0",
                "once": "^1.4.0"
            }
        },
        "@octokit/rest": {
            "version": "20.0.2",
            "resolved": "https://registry.npmmirror.com/@octokit/rest/-/rest-20.0.2.tgz",
            "integrity": "sha512-Ux8NDgEraQ/DMAU1PlAohyfBBXDwhnX2j33Z1nJNziqAfHi70PuxkFYIcIt8aIAxtRE7KVuKp8lSR8pA0J5iOQ==",
            "dev": true,
            "requires": {
                "@octokit/core": "^5.0.0",
                "@octokit/plugin-paginate-rest": "^9.0.0",
                "@octokit/plugin-request-log": "^4.0.0",
                "@octokit/plugin-rest-endpoint-methods": "^10.0.0"
            }
        },
        "@octokit/types": {
            "version": "12.3.0",
            "resolved": "https://registry.npmmirror.com/@octokit/types/-/types-12.3.0.tgz",
            "integrity": "sha512-nJ8X2HRr234q3w/FcovDlA+ttUU4m1eJAourvfUUtwAWeqL8AsyRqfnLvVnYn3NFbUnsmzQCzLNdFerPwdmcDQ==",
            "dev": true,
            "requires": {
                "@octokit/openapi-types": "^19.0.2"
            }
        },
        "before-after-hook": {
            "version": "2.2.3",
            "resolved": "https://registry.npmmirror.com/before-after-hook/-/before-after-hook-2.2.3.tgz",
            "integrity": "sha512-NzUnlZexiaH/46WDhANlyR2bXRopNg4F/zuSA3OpZnllCUgRaOF2znDioDWrmbNVsuZk6l9pMquQB38cfBZwkQ==",
            "dev": true
        },
        "cert-store": {
            "version": "1.1.0",
            "resolved": "https://registry.npmjs.org/cert-store/-/cert-store-1.1.0.tgz",
            "integrity": "sha512-OFuiuxebSQLGUgBVDZ4jfVaJBCO3EKRkBFovcyl4n6GDZ/d73neJ6xjYyLcyKS9uhr2ZnvkGZU9z+lD/2HwM8Q==",
            "requires": {
                "node-forge": "^0.7.6"
            },
            "dependencies": {
                "node-forge": {
                    "version": "0.7.6",
                    "resolved": "https://registry.npmjs.org/node-forge/-/node-forge-0.7.6.tgz",
                    "integrity": "sha512-sol30LUpz1jQFBjOKwbjxijiE3b6pjd74YwfD0fJOKPjF+fONKb2Yg8rYgS6+bK6VDl+/wfr4IYpC7jDzLUIfw=="
                }
            }
        },
        "deprecation": {
            "version": "2.3.1",
            "resolved": "https://registry.npmmirror.com/deprecation/-/deprecation-2.3.1.tgz",
            "integrity": "sha512-xmHIy4F3scKVwMsQ4WnVaS8bHOx0DmVwRywosKhaILI0ywMDWPtBSku2HNxRvF7jtwDRsoEwYQSfbxj8b7RlJQ==",
            "dev": true
        },
        "edge-cs": {
            "version": "1.2.1",
            "resolved": "https://registry.npmjs.org/edge-cs/-/edge-cs-1.2.1.tgz",
            "integrity": "sha512-N5KAeMBhhCbCGmb5oiHJ0KcuTksZzo8lg+uByEUCZAdnLPHizHkk6ZIuuTD63eez7+W25ZSvsGS5+FtymxFoKw=="
        },
        "edge-js": {
            "version": "13.0.1",
            "resolved": "https://registry.npmjs.org/edge-js/-/edge-js-13.0.1.tgz",
            "integrity": "sha512-+UUA4Pjwl6v6ifSPIm8PF+CICksximnToGF8w10RCWlEC6mHhKui4iZ1IpsWpq6jyvVDYnwb+OZzGpGeVJx8wQ==",
            "requires": {
                "edge-cs": "1.2.1",
                "nan": "^2.14.0"
            }
        },
        "fs-extra": {
            "version": "11.1.1",
            "resolved": "https://registry.npmjs.org/fs-extra/-/fs-extra-11.1.1.tgz",
            "integrity": "sha512-MGIE4HOvQCeUCzmlHs0vXpih4ysz4wg9qiSAu6cd42lVwPbTM1TjV7RusoyQqMmk/95gdQZX72u+YW+c3eEpFQ==",
            "requires": {
                "graceful-fs": "^4.2.0",
                "jsonfile": "^6.0.1",
                "universalify": "^2.0.0"
            }
        },
        "graceful-fs": {
            "version": "4.2.11",
            "resolved": "https://registry.npmjs.org/graceful-fs/-/graceful-fs-4.2.11.tgz",
            "integrity": "sha512-RbJ5/jmFcNNCcDV5o9eTnBLJ/HszWV0P73bc+Ff4nS/rJj+YaS6IGyiOL0VoBYX+l1Wrl3k63h/KrH+nhJ0XvQ=="
        },
        "is-electron": {
            "version": "2.2.2",
            "resolved": "https://registry.npmjs.org/is-electron/-/is-electron-2.2.2.tgz",
            "integrity": "sha512-FO/Rhvz5tuw4MCWkpMzHFKWD2LsfHzIb7i6MdPYZ/KW7AlxawyLkqdy+jPZP1WubqEADE3O4FUENlJHDfQASRg=="
        },
        "jsonfile": {
            "version": "6.1.0",
            "resolved": "https://registry.npmjs.org/jsonfile/-/jsonfile-6.1.0.tgz",
            "integrity": "sha512-5dgndWOriYSm5cnYaJNhalLNDKOqFwyDB/rr1E9ZsGciGvKPs8R2xYGCacuf3z6K1YKDz182fd+fY3cn3pMqXQ==",
            "requires": {
                "graceful-fs": "^4.1.6",
                "universalify": "^2.0.0"
            }
        },
        "mac-ca": {
            "version": "2.0.3",
            "resolved": "https://registry.npmjs.org/mac-ca/-/mac-ca-2.0.3.tgz",
            "integrity": "sha512-FkcNXYdUzfNEElPoYYLDHOXPCQePj4iK7Ir4OYy6Tr7yAUS2bFud4Uh1QdIsATDwRQN/miNUyZEltX2nA/tDAQ==",
            "requires": {
                "node-forge": "^1.3.1"
            }
        },
        "make-dir": {
            "version": "1.3.0",
            "resolved": "https://registry.npmjs.org/make-dir/-/make-dir-1.3.0.tgz",
            "integrity": "sha512-2w31R7SJtieJJnQtGc7RVL2StM2vGYVfqUOvUDxH6bC6aJTxPxTF0GnIgCyu7tjockiUWAYQRbxa7vKn34s5sQ==",
            "requires": {
                "pify": "^3.0.0"
            }
        },
        "nan": {
            "version": "2.18.0",
            "resolved": "https://registry.npmjs.org/nan/-/nan-2.18.0.tgz",
            "integrity": "sha512-W7tfG7vMOGtD30sHoZSSc/JVYiyDPEyQVso/Zz+/uQd0B0L46gtC+pHha5FFMRpil6fm/AoEcRWyOVi4+E/f8w=="
        },
        "node-forge": {
            "version": "1.3.1",
            "resolved": "https://registry.npmmirror.com/node-forge/-/node-forge-1.3.1.tgz",
            "integrity": "sha512-dPEtOeMvF9VMcYV/1Wb8CPoVAXtp6MKMlcbAt4ddqmGqUJ6fQZFXkNZNkNlfevtNkGtaSoXf/vNNNSvgrdXwtA=="
        },
        "once": {
            "version": "1.4.0",
            "resolved": "https://registry.npmmirror.com/once/-/once-1.4.0.tgz",
            "integrity": "sha512-lNaJgI+2Q5URQBkccEKHTQOPaXdUxnZZElQTZY0MFUAuaEqe1E+Nyvgdz/aIyNi6Z9MzO5dv1H8n58/GELp3+w==",
            "dev": true,
            "requires": {
                "wrappy": "1"
            }
        },
        "pify": {
            "version": "3.0.0",
            "resolved": "https://registry.npmjs.org/pify/-/pify-3.0.0.tgz",
            "integrity": "sha512-C3FsVNH1udSEX48gGX1xfvwTWfsYWj5U+8/uK15BGzIGrKoUpghX8hWZwa/OFnakBiiVNmBvemTJR5mcy7iPcg=="
        },
        "split": {
            "version": "1.0.1",
            "resolved": "https://registry.npmjs.org/split/-/split-1.0.1.tgz",
            "integrity": "sha512-mTyOoPbrivtXnwnIxZRFYRrPNtEFKlpB2fvjSnCQUiAA6qAZzqwna5envK4uk6OIeP17CsdF3rSBGYVBsU0Tkg==",
            "requires": {
                "through": "2"
            }
        },
        "sudo-prompt": {
            "version": "9.2.1",
            "resolved": "https://registry.npmmirror.com/sudo-prompt/-/sudo-prompt-9.2.1.tgz",
            "integrity": "sha512-Mu7R0g4ig9TUuGSxJavny5Rv0egCEtpZRNMrZaYS1vxkiIxGiGUwoezU3LazIQ+KE04hTrTfNPgxU5gzi7F5Pw=="
        },
        "through": {
            "version": "2.3.8",
            "resolved": "https://registry.npmjs.org/through/-/through-2.3.8.tgz",
            "integrity": "sha512-w89qg7PI8wAdvX60bMDP+bFoD5Dvhm9oLheFp5O4a2QF0cSBGsBX4qZmadPMvVqlLJBBci+WqGGOAPvcDeNSVg=="
        },
        "universal-user-agent": {
            "version": "6.0.1",
            "resolved": "https://registry.npmmirror.com/universal-user-agent/-/universal-user-agent-6.0.1.tgz",
            "integrity": "sha512-yCzhz6FN2wU1NiiQRogkTQszlQSlpWaw8SvVegAc+bDxbzHgh1vX8uIe8OYyMH6DwH+sdTJsgMl36+mSMdRJIQ==",
            "dev": true
        },
        "universalify": {
            "version": "2.0.1",
            "resolved": "https://registry.npmjs.org/universalify/-/universalify-2.0.1.tgz",
            "integrity": "sha512-gptHNQghINnc/vTGIk0SOFGFNXw7JVrlRUtConJRlvaw6DuX0wO5Jeko9sWrMBhh+PsYAZ7oXAiOnf/UKogyiw=="
        },
        "win-ca": {
            "version": "3.5.1",
            "resolved": "https://registry.npmjs.org/win-ca/-/win-ca-3.5.1.tgz",
            "integrity": "sha512-RNy9gpBS6cxWHjfbqwBA7odaHyT+YQNhtdpJZwYCFoxB/Dq22oeOZ9YCXMwjhLytKpo7JJMnKdJ/ve7N12zzfQ==",
            "requires": {
                "is-electron": "^2.2.0",
                "make-dir": "^1.3.0",
                "node-forge": "^1.2.1",
                "split": "^1.0.1"
            }
        },
        "win-cert": {
            "version": "0.1.3",
            "resolved": "https://registry.npmjs.org/win-cert/-/win-cert-0.1.3.tgz",
            "integrity": "sha512-UMPHQyP7Illid0dqLVJZvZbY0ipCBnFj78Yqpfc8z+Q6E5SAlfHCABjxI6rjIgtC3iE1OrRmJzmlkpBqPiDzTA==",
            "requires": {
                "edge-js": "^13.0.1"
            }
        },
        "wrappy": {
            "version": "1.0.2",
            "resolved": "https://registry.npmmirror.com/wrappy/-/wrappy-1.0.2.tgz",
            "integrity": "sha512-l4Sp/DRseor9wL6EvV2+TuQn63dMkPjZ/sp9XkghTEbV9KlPS1xUsZ3u7/IQO4wxtcFB4bgpQPRcR3QCvezPcQ==",
            "dev": true
        }
    }
}
